
Microsoft Visual Studio Solution File, Format Version 12.00
# Visual Studio Version 16
VisualStudioVersion = 16.0.29006.145
MinimumVisualStudioVersion = 10.0.40219.1
Project("{9A19103F-16F7-4668-BE54-9A1E7A4F7556}") = "protobuf-net.Grpc", "src\protobuf-net.Grpc\protobuf-net.Grpc.csproj", "{30D0874E-DA1A-497E-A181-37739A46CF32}"
EndProject
Project("{2150E333-8FDC-42A3-9474-1A3956D46DE8}") = "src", "src", "{3E0CF81A-BA7A-4AAB-B46D-5AC8E22B0644}"
EndProject
Project("{9A19103F-16F7-4668-BE54-9A1E7A4F7556}") = "protobuf-net.Grpc.AspNetCore", "src\protobuf-net.Grpc.AspNetCore\protobuf-net.Grpc.AspNetCore.csproj", "{11B7FE9F-A16F-4FE8-BD25-F06162664352}"
EndProject
Project("{9A19103F-16F7-4668-BE54-9A1E7A4F7556}") = "protobuf-net.Grpc.Native", "src\protobuf-net.Grpc.Native\protobuf-net.Grpc.Native.csproj", "{9642AE16-BCFA-4020-800C-AD6A469B89CE}"
EndProject
Project("{2150E333-8FDC-42A3-9474-1A3956D46DE8}") = "managed", "managed", "{39491A90-84A2-4E13-B867-CFC3D4592084}"
EndProject
Project("{2150E333-8FDC-42A3-9474-1A3956D46DE8}") = "native", "native", "{BE48D1A2-CE10-4AEE-B370-ED8E373B082B}"
EndProject
Project("{FAE04EC0-301F-11D3-BF4B-00C04F79EFBC}") = "BlazorGrpcInheritanceTest.Server", "BlazorGrpcInheritanceTest\Server\BlazorGrpcInheritanceTest.Server.csproj", "{8CC99435-84A6-49F9-B612-5B2F01A00BAB}"
EndProject
Project("{FAE04EC0-301F-11D3-BF4B-00C04F79EFBC}") = "BlazorGrpcInheritanceTest.Client", "BlazorGrpcInheritanceTest\Client\BlazorGrpcInheritanceTest.Client.csproj", "{F4D39279-4C4E-4735-9F5A-FE21F1CE5048}"
EndProject
Project("{FAE04EC0-301F-11D3-BF4B-00C04F79EFBC}") = "BlazorGrpcInheritanceTest.Shared", "BlazorGrpcInheritanceTest\Shared\BlazorGrpcInheritanceTest.Shared.csproj", "{E10551D7-C073-45C2-BC1E-298C1F8B5A8C}"
EndProject
Project("{2150E333-8FDC-42A3-9474-1A3956D46DE8}") = "Solution Items", "Solution Items", "{EBAE7F69-31C6-4C39-B2F5-BD14E56E689C}"
	ProjectSection(SolutionItems) = preProject
		.editorconfig = .editorconfig
	EndProjectSection
EndProject
Global
	GlobalSection(SolutionConfigurationPlatforms) = preSolution
		Debug|Any CPU = Debug|Any CPU
		Release|Any CPU = Release|Any CPU
		VS|Any CPU = VS|Any CPU
	EndGlobalSection
	GlobalSection(ProjectConfigurationPlatforms) = postSolution
		{30D0874E-DA1A-497E-A181-37739A46CF32}.Debug|Any CPU.ActiveCfg = Debug|Any CPU
		{30D0874E-DA1A-497E-A181-37739A46CF32}.Debug|Any CPU.Build.0 = Debug|Any CPU
		{30D0874E-DA1A-497E-A181-37739A46CF32}.Release|Any CPU.ActiveCfg = Release|Any CPU
		{30D0874E-DA1A-497E-A181-37739A46CF32}.Release|Any CPU.Build.0 = Release|Any CPU
		{30D0874E-DA1A-497E-A181-37739A46CF32}.VS|Any CPU.ActiveCfg = Debug|Any CPU
		{30D0874E-DA1A-497E-A181-37739A46CF32}.VS|Any CPU.Build.0 = Debug|Any CPU
		{11B7FE9F-A16F-4FE8-BD25-F06162664352}.Debug|Any CPU.ActiveCfg = Debug|Any CPU
		{11B7FE9F-A16F-4FE8-BD25-F06162664352}.Debug|Any CPU.Build.0 = Debug|Any CPU
		{11B7FE9F-A16F-4FE8-BD25-F06162664352}.Release|Any CPU.ActiveCfg = Release|Any CPU
		{11B7FE9F-A16F-4FE8-BD25-F06162664352}.Release|Any CPU.Build.0 = Release|Any CPU
		{11B7FE9F-A16F-4FE8-BD25-F06162664352}.VS|Any CPU.ActiveCfg = Debug|Any CPU
		{11B7FE9F-A16F-4FE8-BD25-F06162664352}.VS|Any CPU.Build.0 = Debug|Any CPU
		{9642AE16-BCFA-4020-800C-AD6A469B89CE}.Debug|Any CPU.ActiveCfg = Debug|Any CPU
		{9642AE16-BCFA-4020-800C-AD6A469B89CE}.Debug|Any CPU.Build.0 = Debug|Any CPU
		{9642AE16-BCFA-4020-800C-AD6A469B89CE}.Release|Any CPU.ActiveCfg = Release|Any CPU
		{9642AE16-BCFA-4020-800C-AD6A469B89CE}.Release|Any CPU.Build.0 = Release|Any CPU
		{9642AE16-BCFA-4020-800C-AD6A469B89CE}.VS|Any CPU.ActiveCfg = Debug|Any CPU
		{9642AE16-BCFA-4020-800C-AD6A469B89CE}.VS|Any CPU.Build.0 = Debug|Any CPU
		{8CC99435-84A6-49F9-B612-5B2F01A00BAB}.Debug|Any CPU.ActiveCfg = Debug|Any CPU
		{8CC99435-84A6-49F9-B612-5B2F01A00BAB}.Debug|Any CPU.Build.0 = Debug|Any CPU
		{8CC99435-84A6-49F9-B612-5B2F01A00BAB}.Release|Any CPU.ActiveCfg = Release|Any CPU
		{8CC99435-84A6-49F9-B612-5B2F01A00BAB}.Release|Any CPU.Build.0 = Release|Any CPU
		{8CC99435-84A6-49F9-B612-5B2F01A00BAB}.VS|Any CPU.ActiveCfg = Debug|Any CPU
		{8CC99435-84A6-49F9-B612-5B2F01A00BAB}.VS|Any CPU.Build.0 = Debug|Any CPU
		{F4D39279-4C4E-4735-9F5A-FE21F1CE5048}.Debug|Any CPU.ActiveCfg = Debug|Any CPU
		{F4D39279-4C4E-4735-9F5A-FE21F1CE5048}.Debug|Any CPU.Build.0 = Debug|Any CPU
		{F4D39279-4C4E-4735-9F5A-FE21F1CE5048}.Release|Any CPU.ActiveCfg = Release|Any CPU
		{F4D39279-4C4E-4735-9F5A-FE21F1CE5048}.Release|Any CPU.Build.0 = Release|Any CPU
		{F4D39279-4C4E-4735-9F5A-FE21F1CE5048}.VS|Any CPU.ActiveCfg = Debug|Any CPU
		{F4D39279-4C4E-4735-9F5A-FE21F1CE5048}.VS|Any CPU.Build.0 = Debug|Any CPU
		{E10551D7-C073-45C2-BC1E-298C1F8B5A8C}.Debug|Any CPU.ActiveCfg = Debug|Any CPU
		{E10551D7-C073-45C2-BC1E-298C1F8B5A8C}.Debug|Any CPU.Build.0 = Debug|Any CPU
		{E10551D7-C073-45C2-BC1E-298C1F8B5A8C}.Release|Any CPU.ActiveCfg = Release|Any CPU
		{E10551D7-C073-45C2-BC1E-298C1F8B5A8C}.Release|Any CPU.Build.0 = Release|Any CPU
		{E10551D7-C073-45C2-BC1E-298C1F8B5A8C}.VS|Any CPU.ActiveCfg = Debug|Any CPU
		{E10551D7-C073-45C2-BC1E-298C1F8B5A8C}.VS|Any CPU.Build.0 = Debug|Any CPU
	EndGlobalSection
	GlobalSection(SolutionProperties) = preSolution
		HideSolutionNode = FALSE
	EndGlobalSection
	GlobalSection(NestedProjects) = preSolution
		{30D0874E-DA1A-497E-A181-37739A46CF32} = {3E0CF81A-BA7A-4AAB-B46D-5AC8E22B0644}
		{11B7FE9F-A16F-4FE8-BD25-F06162664352} = {39491A90-84A2-4E13-B867-CFC3D4592084}
		{9642AE16-BCFA-4020-800C-AD6A469B89CE} = {BE48D1A2-CE10-4AEE-B370-ED8E373B082B}
		{39491A90-84A2-4E13-B867-CFC3D4592084} = {3E0CF81A-BA7A-4AAB-B46D-5AC8E22B0644}
		{BE48D1A2-CE10-4AEE-B370-ED8E373B082B} = {3E0CF81A-BA7A-4AAB-B46D-5AC8E22B0644}
	EndGlobalSection
	GlobalSection(ExtensibilityGlobals) = postSolution
		SolutionGuid = {BA14B07C-CA29-430D-A600-F37A050636D3}
	EndGlobalSection
EndGlobal
